{
  "requires": true,
  "lockfileVersion": 1,
  "dependencies": {
    "aos": {
      "version": "2.2.0",
      "resolved": "https://registry.npmjs.org/aos/-/aos-2.2.0.tgz",
      "integrity": "sha512-nxVfCOSQ5yboyy99KCIe6CM+68hNwggBROgdn/P+x0p3dAgtX3JVONZ27XKm93Ol9hvTtgoCjCffZU4HEr0nZQ==",
      "requires": {
        "classlist-polyfill": "1.2.0",
        "lodash.debounce": "4.0.8",
        "lodash.throttle": "4.1.1"
      }
    },
    "cascadejs": {
      "version": "1.0.7",
      "resolved": "https://registry.npmjs.org/cascadejs/-/cascadejs-1.0.7.tgz",
      "integrity": "sha1-lQYPjEuSQ59yMr6LeelJ4WJWxiI="
    },
    "classlist-polyfill": {
      "version": "1.2.0",
      "resolved": "https://registry.npmjs.org/classlist-polyfill/-/classlist-polyfill-1.2.0.tgz",
      "integrity": "sha1-k1vC39lFiodrJ5YXUUY4vKqWSi4="
    },
    "flexboxgrid": {
      "version": "6.3.1",
      "resolved": "https://registry.npmjs.org/flexboxgrid/-/flexboxgrid-6.3.1.tgz",
      "integrity": "sha1-6ZiYr8B7cEdyK7galYpfuk1OIP0="
    },
    "html5-boilerplate": {
      "version": "6.0.1",
      "resolved": "https://registry.npmjs.org/html5-boilerplate/-/html5-boilerplate-6.0.1.tgz",
      "integrity": "sha512-IpcOettHszhinMNXqfwDZmUKha78KZ3rSzpPYoGOHFavg3DcX78bg3s0WccXwl47DhHm/rzu7TdsYZwn/nr1bw=="
    },
    "lodash.debounce": {
      "version": "4.0.8",
      "resolved": "https://registry.npmjs.org/lodash.debounce/-/lodash.debounce-4.0.8.tgz",
      "integrity": "sha1-gteb/zCmfEAF/9XiUVMArZyk168="
    },
    "lodash.throttle": {
      "version": "4.1.1",
      "resolved": "https://registry.npmjs.org/lodash.throttle/-/lodash.throttle-4.1.1.tgz",
      "integrity": "sha1-wj6RtxAkKscMN/HhzaknTMOb8vQ="
    }
  }
}
